
Microsoft Visual Studio Solution File, Format Version 12.00
# Visual Studio Version 17
VisualStudioVersion = 17.14.36603.0 d17.14
MinimumVisualStudioVersion = 10.0.40219.1
Project("{FAE04EC0-301F-11D3-BF4B-00C04F79EFBC}") = "NameSort", "NameSort\NameSort.csproj", "{B6B44400-24B0-4711-A6CE-D6D278677919}"
EndProject
Global
	GlobalSection(SolutionConfigurationPlatforms) = preSolution
		Debug|Any CPU = Debug|Any CPU
		Release|Any CPU = Release|Any CPU
	EndGlobalSection
	GlobalSection(ProjectConfigurationPlatforms) = postSolution
		{B6B44400-24B0-4711-A6CE-D6D278677919}.Debug|Any CPU.ActiveCfg = Debug|Any CPU
		{B6B44400-24B0-4711-A6CE-D6D278677919}.Debug|Any CPU.Build.0 = Debug|Any CPU
		{B6B44400-24B0-4711-A6CE-D6D278677919}.Release|Any CPU.ActiveCfg = Release|Any CPU
		{B6B44400-24B0-4711-A6CE-D6D278677919}.Release|Any CPU.Build.0 = Release|Any CPU
	EndGlobalSection
	GlobalSection(SolutionProperties) = preSolution
		HideSolutionNode = FALSE
	EndGlobalSection
	GlobalSection(ExtensibilityGlobals) = postSolution
		SolutionGuid = {80586575-F7C4-444A-879A-AA8C3405FBC0}
	EndGlobalSection
EndGlobal
